
Microsoft Visual Studio Solution File, Format Version 12.00
# Visual Studio Version 16
VisualStudioVersion = 16.0.30413.136
MinimumVisualStudioVersion = 10.0.40219.1
Project("{FAE04EC0-301F-11D3-BF4B-00C04F79EFBC}") = "Practica23", "Practica23\Practica23.csproj", "{9E4D9167-A0CD-468F-90E9-E4B9F4F145E3}"
EndProject
Global
	GlobalSection(SolutionConfigurationPlatforms) = preSolution
		Debug|Any CPU = Debug|Any CPU
		Release|Any CPU = Release|Any CPU
	EndGlobalSection
	GlobalSection(ProjectConfigurationPlatforms) = postSolution
		{9E4D9167-A0CD-468F-90E9-E4B9F4F145E3}.Debug|Any CPU.ActiveCfg = Debug|Any CPU
		{9E4D9167-A0CD-468F-90E9-E4B9F4F145E3}.Debug|Any CPU.Build.0 = Debug|Any CPU
		{9E4D9167-A0CD-468F-90E9-E4B9F4F145E3}.Release|Any CPU.ActiveCfg = Release|Any CPU
		{9E4D9167-A0CD-468F-90E9-E4B9F4F145E3}.Release|Any CPU.Build.0 = Release|Any CPU
	EndGlobalSection
	GlobalSection(SolutionProperties) = preSolution
		HideSolutionNode = FALSE
	EndGlobalSection
	GlobalSection(ExtensibilityGlobals) = postSolution
		SolutionGuid = {7E8EA0AB-D5DE-49A1-86B4-79B5DBF00C5A}
	EndGlobalSection
EndGlobal
